
Microsoft Visual Studio Solution File, Format Version 12.00
# Visual Studio Version 17
VisualStudioVersion = 17.14.36327.8
MinimumVisualStudioVersion = 10.0.40219.1
Project("{FAE04EC0-301F-11D3-BF4B-00C04F79EFBC}") = "LearnWellUniversity.WebApi", "LearnWellUniversity.WebApi\LearnWellUniversity.WebApi.csproj", "{BDCDC64A-9E32-4F50-8386-D92FB2935E73}"
EndProject
Project("{FAE04EC0-301F-11D3-BF4B-00C04F79EFBC}") = "LearnWellUniversity.Application", "LearnWellUniversity.Application\LearnWellUniversity.Application.csproj", "{93994C46-4A8A-4189-816D-A76BAEFEB26F}"
EndProject
Project("{FAE04EC0-301F-11D3-BF4B-00C04F79EFBC}") = "LearnWellUniversity.Infrastructure", "LearnWellUniversity.Infrastructure\LearnWellUniversity.Infrastructure.csproj", "{E4C50857-6C3F-4B1B-A982-A088980E323F}"
EndProject
Project("{FAE04EC0-301F-11D3-BF4B-00C04F79EFBC}") = "LearnWellUniversity.Domain", "LearnWellUniversity.Domain\LearnWellUniversity.Domain.csproj", "{576EFCCA-3525-4EBB-A948-438D221721CD}"
EndProject
Project("{2150E333-8FDC-42A3-9474-1A3956D46DE8}") = "tests", "tests", "{02EA681E-C7D8-13C7-8484-4AC65E1B71E8}"
EndProject
Project("{FAE04EC0-301F-11D3-BF4B-00C04F79EFBC}") = "LearnWellUniversity.Domain.UnitTests", "tests\LearnWellUniversity.Domain.UnitTests\LearnWellUniversity.Domain.UnitTests.csproj", "{ADA48BF6-F5FC-1563-3B71-8B1C50712B50}"
EndProject
Project("{FAE04EC0-301F-11D3-BF4B-00C04F79EFBC}") = "LearnWellUniversity.Application.UnitTests", "tests\LearnWellUniversity.Application.UnitTests\LearnWellUniversity.Application.UnitTests.csproj", "{7D7A6EDF-1DC6-FB22-DD96-4B0FE0BB29D9}"
EndProject
Project("{FAE04EC0-301F-11D3-BF4B-00C04F79EFBC}") = "LearnWellUniversity.Infrastructure.IntegrationTests", "tests\LearnWellUniversity.Infrastructure.IntegrationTests\LearnWellUniversity.Infrastructure.IntegrationTests.csproj", "{6A5133A4-BF23-442E-B680-79849F9202E9}"
EndProject
Project("{FAE04EC0-301F-11D3-BF4B-00C04F79EFBC}") = "LearnWellUniversity.WebApi.FunctionalTests", "tests\LearnWellUniversity.WebApi.FunctionalTests\LearnWellUniversity.WebApi.FunctionalTests.csproj", "{C610DC1B-5F55-498E-9D61-34DBA47FEF52}"
EndProject
Project("{E53339B2-1760-4266-BCC7-CA923CBCF16C}") = "docker-compose", "docker-compose.dcproj", "{81DDED9D-158B-E303-5F62-77A2896D2A5A}"
EndProject
Project("{FAE04EC0-301F-11D3-BF4B-00C04F79EFBC}") = "LearnWellUniversity.Shared.Tests", "tests\LearnWellUniversity.Shared.Tests\LearnWellUniversity.Shared.Tests.csproj", "{0D864739-C700-4C36-881A-3B1E02413568}"
EndProject
Project("{FAE04EC0-301F-11D3-BF4B-00C04F79EFBC}") = "LearnWellUniversitry.Application.IntegrationTests", "tests\LearnWellUniversitry.Application.IntegrationTests\LearnWellUniversitry.Application.IntegrationTests.csproj", "{1B76B682-FD8A-4A7B-8BC0-CDF396EB3CC0}"
EndProject
Project("{2150E333-8FDC-42A3-9474-1A3956D46DE8}") = "FunctionalTests", "FunctionalTests", "{A432FE13-7EE4-47FF-B07F-4BB926E7C28D}"
EndProject
Project("{2150E333-8FDC-42A3-9474-1A3956D46DE8}") = "UnitTests", "UnitTests", "{D1066483-D12C-4520-A531-411885218C35}"
EndProject
Project("{2150E333-8FDC-42A3-9474-1A3956D46DE8}") = "IntegrationTests", "IntegrationTests", "{992081EF-9BA1-4295-A014-916D6377455C}"
EndProject
Global
	GlobalSection(SolutionConfigurationPlatforms) = preSolution
		Debug|Any CPU = Debug|Any CPU
		Release|Any CPU = Release|Any CPU
	EndGlobalSection
	GlobalSection(ProjectConfigurationPlatforms) = postSolution
		{BDCDC64A-9E32-4F50-8386-D92FB2935E73}.Debug|Any CPU.ActiveCfg = Debug|Any CPU
		{BDCDC64A-9E32-4F50-8386-D92FB2935E73}.Debug|Any CPU.Build.0 = Debug|Any CPU
		{BDCDC64A-9E32-4F50-8386-D92FB2935E73}.Release|Any CPU.ActiveCfg = Release|Any CPU
		{BDCDC64A-9E32-4F50-8386-D92FB2935E73}.Release|Any CPU.Build.0 = Release|Any CPU
		{93994C46-4A8A-4189-816D-A76BAEFEB26F}.Debug|Any CPU.ActiveCfg = Debug|Any CPU
		{93994C46-4A8A-4189-816D-A76BAEFEB26F}.Debug|Any CPU.Build.0 = Debug|Any CPU
		{93994C46-4A8A-4189-816D-A76BAEFEB26F}.Release|Any CPU.ActiveCfg = Release|Any CPU
		{93994C46-4A8A-4189-816D-A76BAEFEB26F}.Release|Any CPU.Build.0 = Release|Any CPU
		{E4C50857-6C3F-4B1B-A982-A088980E323F}.Debug|Any CPU.ActiveCfg = Debug|Any CPU
		{E4C50857-6C3F-4B1B-A982-A088980E323F}.Debug|Any CPU.Build.0 = Debug|Any CPU
		{E4C50857-6C3F-4B1B-A982-A088980E323F}.Release|Any CPU.ActiveCfg = Release|Any CPU
		{E4C50857-6C3F-4B1B-A982-A088980E323F}.Release|Any CPU.Build.0 = Release|Any CPU
		{576EFCCA-3525-4EBB-A948-438D221721CD}.Debug|Any CPU.ActiveCfg = Debug|Any CPU
		{576EFCCA-3525-4EBB-A948-438D221721CD}.Debug|Any CPU.Build.0 = Debug|Any CPU
		{576EFCCA-3525-4EBB-A948-438D221721CD}.Release|Any CPU.ActiveCfg = Release|Any CPU
		{576EFCCA-3525-4EBB-A948-438D221721CD}.Release|Any CPU.Build.0 = Release|Any CPU
		{ADA48BF6-F5FC-1563-3B71-8B1C50712B50}.Debug|Any CPU.ActiveCfg = Debug|Any CPU
		{ADA48BF6-F5FC-1563-3B71-8B1C50712B50}.Debug|Any CPU.Build.0 = Debug|Any CPU
		{ADA48BF6-F5FC-1563-3B71-8B1C50712B50}.Release|Any CPU.ActiveCfg = Release|Any CPU
		{ADA48BF6-F5FC-1563-3B71-8B1C50712B50}.Release|Any CPU.Build.0 = Release|Any CPU
		{7D7A6EDF-1DC6-FB22-DD96-4B0FE0BB29D9}.Debug|Any CPU.ActiveCfg = Debug|Any CPU
		{7D7A6EDF-1DC6-FB22-DD96-4B0FE0BB29D9}.Debug|Any CPU.Build.0 = Debug|Any CPU
		{7D7A6EDF-1DC6-FB22-DD96-4B0FE0BB29D9}.Release|Any CPU.ActiveCfg = Release|Any CPU
		{7D7A6EDF-1DC6-FB22-DD96-4B0FE0BB29D9}.Release|Any CPU.Build.0 = Release|Any CPU
		{6A5133A4-BF23-442E-B680-79849F9202E9}.Debug|Any CPU.ActiveCfg = Debug|Any CPU
		{6A5133A4-BF23-442E-B680-79849F9202E9}.Debug|Any CPU.Build.0 = Debug|Any CPU
		{6A5133A4-BF23-442E-B680-79849F9202E9}.Release|Any CPU.ActiveCfg = Release|Any CPU
		{6A5133A4-BF23-442E-B680-79849F9202E9}.Release|Any CPU.Build.0 = Release|Any CPU
		{C610DC1B-5F55-498E-9D61-34DBA47FEF52}.Debug|Any CPU.ActiveCfg = Debug|Any CPU
		{C610DC1B-5F55-498E-9D61-34DBA47FEF52}.Debug|Any CPU.Build.0 = Debug|Any CPU
		{C610DC1B-5F55-498E-9D61-34DBA47FEF52}.Release|Any CPU.ActiveCfg = Release|Any CPU
		{C610DC1B-5F55-498E-9D61-34DBA47FEF52}.Release|Any CPU.Build.0 = Release|Any CPU
		{81DDED9D-158B-E303-5F62-77A2896D2A5A}.Debug|Any CPU.ActiveCfg = Debug|Any CPU
		{81DDED9D-158B-E303-5F62-77A2896D2A5A}.Debug|Any CPU.Build.0 = Debug|Any CPU
		{81DDED9D-158B-E303-5F62-77A2896D2A5A}.Release|Any CPU.ActiveCfg = Release|Any CPU
		{81DDED9D-158B-E303-5F62-77A2896D2A5A}.Release|Any CPU.Build.0 = Release|Any CPU
		{0D864739-C700-4C36-881A-3B1E02413568}.Debug|Any CPU.ActiveCfg = Debug|Any CPU
		{0D864739-C700-4C36-881A-3B1E02413568}.Debug|Any CPU.Build.0 = Debug|Any CPU
		{0D864739-C700-4C36-881A-3B1E02413568}.Release|Any CPU.ActiveCfg = Release|Any CPU
		{0D864739-C700-4C36-881A-3B1E02413568}.Release|Any CPU.Build.0 = Release|Any CPU
		{1B76B682-FD8A-4A7B-8BC0-CDF396EB3CC0}.Debug|Any CPU.ActiveCfg = Debug|Any CPU
		{1B76B682-FD8A-4A7B-8BC0-CDF396EB3CC0}.Debug|Any CPU.Build.0 = Debug|Any CPU
		{1B76B682-FD8A-4A7B-8BC0-CDF396EB3CC0}.Release|Any CPU.ActiveCfg = Release|Any CPU
		{1B76B682-FD8A-4A7B-8BC0-CDF396EB3CC0}.Release|Any CPU.Build.0 = Release|Any CPU
	EndGlobalSection
	GlobalSection(SolutionProperties) = preSolution
		HideSolutionNode = FALSE
	EndGlobalSection
	GlobalSection(NestedProjects) = preSolution
		{ADA48BF6-F5FC-1563-3B71-8B1C50712B50} = {D1066483-D12C-4520-A531-411885218C35}
		{7D7A6EDF-1DC6-FB22-DD96-4B0FE0BB29D9} = {D1066483-D12C-4520-A531-411885218C35}
		{6A5133A4-BF23-442E-B680-79849F9202E9} = {992081EF-9BA1-4295-A014-916D6377455C}
		{C610DC1B-5F55-498E-9D61-34DBA47FEF52} = {A432FE13-7EE4-47FF-B07F-4BB926E7C28D}
		{0D864739-C700-4C36-881A-3B1E02413568} = {02EA681E-C7D8-13C7-8484-4AC65E1B71E8}
		{1B76B682-FD8A-4A7B-8BC0-CDF396EB3CC0} = {992081EF-9BA1-4295-A014-916D6377455C}
		{A432FE13-7EE4-47FF-B07F-4BB926E7C28D} = {02EA681E-C7D8-13C7-8484-4AC65E1B71E8}
		{D1066483-D12C-4520-A531-411885218C35} = {02EA681E-C7D8-13C7-8484-4AC65E1B71E8}
		{992081EF-9BA1-4295-A014-916D6377455C} = {02EA681E-C7D8-13C7-8484-4AC65E1B71E8}
	EndGlobalSection
	GlobalSection(ExtensibilityGlobals) = postSolution
		SolutionGuid = {FE18267E-AEEA-4AA4-80E7-AE24C0AB9A96}
	EndGlobalSection
EndGlobal
