
Microsoft Visual Studio Solution File, Format Version 12.00
# Visual Studio Version 17
VisualStudioVersion = 17.14.36327.8
MinimumVisualStudioVersion = 10.0.40219.1
Project("{FAE04EC0-301F-11D3-BF4B-00C04F79EFBC}") = "LearnWellUniversity.WebApi", "LearnWellUniversity.WebApi\LearnWellUniversity.WebApi.csproj", "{BDCDC64A-9E32-4F50-8386-D92FB2935E73}"
EndProject
Project("{FAE04EC0-301F-11D3-BF4B-00C04F79EFBC}") = "LearnWellUniversity.Application", "LearnWellUniversity.Application\LearnWellUniversity.Application.csproj", "{93994C46-4A8A-4189-816D-A76BAEFEB26F}"
EndProject
Project("{FAE04EC0-301F-11D3-BF4B-00C04F79EFBC}") = "LearnWellUniversity.Infrastructure", "LearnWellUniversity.Infrastructure\LearnWellUniversity.Infrastructure.csproj", "{E4C50857-6C3F-4B1B-A982-A088980E323F}"
EndProject
Project("{FAE04EC0-301F-11D3-BF4B-00C04F79EFBC}") = "LearnWellUniversity.Domain", "LearnWellUniversity.Domain\LearnWellUniversity.Domain.csproj", "{576EFCCA-3525-4EBB-A948-438D221721CD}"
EndProject
Global
	GlobalSection(SolutionConfigurationPlatforms) = preSolution
		Debug|Any CPU = Debug|Any CPU
		Release|Any CPU = Release|Any CPU
	EndGlobalSection
	GlobalSection(ProjectConfigurationPlatforms) = postSolution
		{BDCDC64A-9E32-4F50-8386-D92FB2935E73}.Debug|Any CPU.ActiveCfg = Debug|Any CPU
		{BDCDC64A-9E32-4F50-8386-D92FB2935E73}.Debug|Any CPU.Build.0 = Debug|Any CPU
		{BDCDC64A-9E32-4F50-8386-D92FB2935E73}.Release|Any CPU.ActiveCfg = Release|Any CPU
		{BDCDC64A-9E32-4F50-8386-D92FB2935E73}.Release|Any CPU.Build.0 = Release|Any CPU
		{93994C46-4A8A-4189-816D-A76BAEFEB26F}.Debug|Any CPU.ActiveCfg = Debug|Any CPU
		{93994C46-4A8A-4189-816D-A76BAEFEB26F}.Debug|Any CPU.Build.0 = Debug|Any CPU
		{93994C46-4A8A-4189-816D-A76BAEFEB26F}.Release|Any CPU.ActiveCfg = Release|Any CPU
		{93994C46-4A8A-4189-816D-A76BAEFEB26F}.Release|Any CPU.Build.0 = Release|Any CPU
		{E4C50857-6C3F-4B1B-A982-A088980E323F}.Debug|Any CPU.ActiveCfg = Debug|Any CPU
		{E4C50857-6C3F-4B1B-A982-A088980E323F}.Debug|Any CPU.Build.0 = Debug|Any CPU
		{E4C50857-6C3F-4B1B-A982-A088980E323F}.Release|Any CPU.ActiveCfg = Release|Any CPU
		{E4C50857-6C3F-4B1B-A982-A088980E323F}.Release|Any CPU.Build.0 = Release|Any CPU
		{576EFCCA-3525-4EBB-A948-438D221721CD}.Debug|Any CPU.ActiveCfg = Debug|Any CPU
		{576EFCCA-3525-4EBB-A948-438D221721CD}.Debug|Any CPU.Build.0 = Debug|Any CPU
		{576EFCCA-3525-4EBB-A948-438D221721CD}.Release|Any CPU.ActiveCfg = Release|Any CPU
		{576EFCCA-3525-4EBB-A948-438D221721CD}.Release|Any CPU.Build.0 = Release|Any CPU
	EndGlobalSection
	GlobalSection(SolutionProperties) = preSolution
		HideSolutionNode = FALSE
	EndGlobalSection
	GlobalSection(ExtensibilityGlobals) = postSolution
		SolutionGuid = {FE18267E-AEEA-4AA4-80E7-AE24C0AB9A96}
	EndGlobalSection
EndGlobal
